
Microsoft Visual Studio Solution File, Format Version 12.00
# Visual Studio Version 16
VisualStudioVersion = 16.0.30907.101
MinimumVisualStudioVersion = 10.0.40219.1
Project("{9A19103F-16F7-4668-BE54-9A1E7A4F7556}") = "DotNetCoreClock", "DotNetCoreClock.csproj", "{1671F349-FFF1-4D66-86A3-906C80412669}"
EndProject
Global
	GlobalSection(SolutionConfigurationPlatforms) = preSolution
		Debug|Any CPU = Debug|Any CPU
		Release|Any CPU = Release|Any CPU
	EndGlobalSection
	GlobalSection(ProjectConfigurationPlatforms) = postSolution
		{1671F349-FFF1-4D66-86A3-906C80412669}.Debug|Any CPU.ActiveCfg = Debug|Any CPU
		{1671F349-FFF1-4D66-86A3-906C80412669}.Debug|Any CPU.Build.0 = Debug|Any CPU
		{1671F349-FFF1-4D66-86A3-906C80412669}.Release|Any CPU.ActiveCfg = Release|Any CPU
		{1671F349-FFF1-4D66-86A3-906C80412669}.Release|Any CPU.Build.0 = Release|Any CPU
	EndGlobalSection
	GlobalSection(SolutionProperties) = preSolution
		HideSolutionNode = FALSE
	EndGlobalSection
	GlobalSection(ExtensibilityGlobals) = postSolution
		SolutionGuid = {A5205BCD-E16F-409B-848B-3CD420B98BA0}
	EndGlobalSection
EndGlobal
